
Microsoft Visual Studio Solution File, Format Version 12.00
# Visual Studio Version 17
VisualStudioVersion = 17.7.34221.43
MinimumVisualStudioVersion = 10.0.40219.1
Project("{FAE04EC0-301F-11D3-BF4B-00C04F79EFBC}") = "Deneme.Business", "Deneme.Business\Deneme.Business.csproj", "{9103C61E-20A1-4440-8CFD-47D0EE3D9B7E}"
EndProject
Project("{FAE04EC0-301F-11D3-BF4B-00C04F79EFBC}") = "Deneme.Data", "Deneme.Data\Deneme.Data.csproj", "{E7563763-1E08-4D7A-8E6D-29A46A9316FC}"
EndProject
Project("{FAE04EC0-301F-11D3-BF4B-00C04F79EFBC}") = "Deneme.WebUI", "Deneme.WebUI\Deneme.WebUI.csproj", "{539EA859-D929-4805-A435-0F8EBF172DC4}"
EndProject
Global
	GlobalSection(SolutionConfigurationPlatforms) = preSolution
		Debug|Any CPU = Debug|Any CPU
		Release|Any CPU = Release|Any CPU
	EndGlobalSection
	GlobalSection(ProjectConfigurationPlatforms) = postSolution
		{9103C61E-20A1-4440-8CFD-47D0EE3D9B7E}.Debug|Any CPU.ActiveCfg = Debug|Any CPU
		{9103C61E-20A1-4440-8CFD-47D0EE3D9B7E}.Debug|Any CPU.Build.0 = Debug|Any CPU
		{9103C61E-20A1-4440-8CFD-47D0EE3D9B7E}.Release|Any CPU.ActiveCfg = Release|Any CPU
		{9103C61E-20A1-4440-8CFD-47D0EE3D9B7E}.Release|Any CPU.Build.0 = Release|Any CPU
		{E7563763-1E08-4D7A-8E6D-29A46A9316FC}.Debug|Any CPU.ActiveCfg = Debug|Any CPU
		{E7563763-1E08-4D7A-8E6D-29A46A9316FC}.Debug|Any CPU.Build.0 = Debug|Any CPU
		{E7563763-1E08-4D7A-8E6D-29A46A9316FC}.Release|Any CPU.ActiveCfg = Release|Any CPU
		{E7563763-1E08-4D7A-8E6D-29A46A9316FC}.Release|Any CPU.Build.0 = Release|Any CPU
		{539EA859-D929-4805-A435-0F8EBF172DC4}.Debug|Any CPU.ActiveCfg = Debug|Any CPU
		{539EA859-D929-4805-A435-0F8EBF172DC4}.Debug|Any CPU.Build.0 = Debug|Any CPU
		{539EA859-D929-4805-A435-0F8EBF172DC4}.Release|Any CPU.ActiveCfg = Release|Any CPU
		{539EA859-D929-4805-A435-0F8EBF172DC4}.Release|Any CPU.Build.0 = Release|Any CPU
	EndGlobalSection
	GlobalSection(SolutionProperties) = preSolution
		HideSolutionNode = FALSE
	EndGlobalSection
	GlobalSection(ExtensibilityGlobals) = postSolution
		SolutionGuid = {075E8FAF-A691-483C-A624-0AE3C827BAFB}
	EndGlobalSection
EndGlobal
